
Microsoft Visual Studio Solution File, Format Version 11.00
# Visual Studio 2010
Project("{FAE04EC0-301F-11D3-BF4B-00C04F79EFBC}") = "DicomStorage.WindowsService", "DicomStorage.WindowsService\DicomStorage.WindowsService.csproj", "{7D77C97B-CCA2-4F72-953B-D9C51137AF5B}"
EndProject
Project("{54435603-DBB4-11D2-8724-00A0C9A8B90C}") = "SetupDicomStorage", "SetupDicomStorage\SetupDicomStorage.vdproj", "{B4428D8F-89B2-44D8-B5AD-80FAF00918C0}"
EndProject
Project("{FAE04EC0-301F-11D3-BF4B-00C04F79EFBC}") = "DICOM", "DICOM\DICOM.csproj", "{D6E309B0-4837-459E-8C85-ABC268440D62}"
EndProject
Global
	GlobalSection(SolutionConfigurationPlatforms) = preSolution
		Debug|Any CPU = Debug|Any CPU
		Debug|Mixed Platforms = Debug|Mixed Platforms
		Debug|x86 = Debug|x86
		Release|Any CPU = Release|Any CPU
		Release|Mixed Platforms = Release|Mixed Platforms
		Release|x86 = Release|x86
	EndGlobalSection
	GlobalSection(ProjectConfigurationPlatforms) = postSolution
		{7D77C97B-CCA2-4F72-953B-D9C51137AF5B}.Debug|Any CPU.ActiveCfg = Debug|x86
		{7D77C97B-CCA2-4F72-953B-D9C51137AF5B}.Debug|Mixed Platforms.ActiveCfg = Debug|x86
		{7D77C97B-CCA2-4F72-953B-D9C51137AF5B}.Debug|Mixed Platforms.Build.0 = Debug|x86
		{7D77C97B-CCA2-4F72-953B-D9C51137AF5B}.Debug|x86.ActiveCfg = Debug|x86
		{7D77C97B-CCA2-4F72-953B-D9C51137AF5B}.Debug|x86.Build.0 = Debug|x86
		{7D77C97B-CCA2-4F72-953B-D9C51137AF5B}.Release|Any CPU.ActiveCfg = Release|x86
		{7D77C97B-CCA2-4F72-953B-D9C51137AF5B}.Release|Mixed Platforms.ActiveCfg = Release|x86
		{7D77C97B-CCA2-4F72-953B-D9C51137AF5B}.Release|Mixed Platforms.Build.0 = Release|x86
		{7D77C97B-CCA2-4F72-953B-D9C51137AF5B}.Release|x86.ActiveCfg = Release|x86
		{7D77C97B-CCA2-4F72-953B-D9C51137AF5B}.Release|x86.Build.0 = Release|x86
		{B4428D8F-89B2-44D8-B5AD-80FAF00918C0}.Debug|Any CPU.ActiveCfg = Debug
		{B4428D8F-89B2-44D8-B5AD-80FAF00918C0}.Debug|Mixed Platforms.ActiveCfg = Debug
		{B4428D8F-89B2-44D8-B5AD-80FAF00918C0}.Debug|x86.ActiveCfg = Debug
		{B4428D8F-89B2-44D8-B5AD-80FAF00918C0}.Release|Any CPU.ActiveCfg = Release
		{B4428D8F-89B2-44D8-B5AD-80FAF00918C0}.Release|Mixed Platforms.ActiveCfg = Release
		{B4428D8F-89B2-44D8-B5AD-80FAF00918C0}.Release|x86.ActiveCfg = Release
		{D6E309B0-4837-459E-8C85-ABC268440D62}.Debug|Any CPU.ActiveCfg = Debug|Any CPU
		{D6E309B0-4837-459E-8C85-ABC268440D62}.Debug|Any CPU.Build.0 = Debug|Any CPU
		{D6E309B0-4837-459E-8C85-ABC268440D62}.Debug|Mixed Platforms.ActiveCfg = Debug|Any CPU
		{D6E309B0-4837-459E-8C85-ABC268440D62}.Debug|Mixed Platforms.Build.0 = Debug|Any CPU
		{D6E309B0-4837-459E-8C85-ABC268440D62}.Debug|x86.ActiveCfg = Debug|Any CPU
		{D6E309B0-4837-459E-8C85-ABC268440D62}.Release|Any CPU.ActiveCfg = Release|Any CPU
		{D6E309B0-4837-459E-8C85-ABC268440D62}.Release|Any CPU.Build.0 = Release|Any CPU
		{D6E309B0-4837-459E-8C85-ABC268440D62}.Release|Mixed Platforms.ActiveCfg = Release|Any CPU
		{D6E309B0-4837-459E-8C85-ABC268440D62}.Release|Mixed Platforms.Build.0 = Release|Any CPU
		{D6E309B0-4837-459E-8C85-ABC268440D62}.Release|x86.ActiveCfg = Release|Any CPU
	EndGlobalSection
	GlobalSection(SolutionProperties) = preSolution
		HideSolutionNode = FALSE
	EndGlobalSection
EndGlobal
